{
    "name": "WebGL-Falling-Sand-Game",
    "version": "1.0.0",
    "lockfileVersion": 2,
    "requires": true,
    "packages": {
        "": {
            "version": "1.0.0",
            "dependencies": {
                "ape-ecs": "^1.3.1",
                "kd-tree-javascript": "^1.0.3"
            }
        },
        "node_modules/ape-ecs": {
            "version": "1.3.1",
            "resolved": "https://registry.npmjs.org/ape-ecs/-/ape-ecs-1.3.1.tgz",
            "integrity": "sha512-6QvLDdxjpjtc0mCnpdNeCUlNAGO0B0VJzTaqnRNwc6rDjDDSthyTMUCywvb6WHEcdxkue77xtl+2H38FBL2RJA=="
        },
        "node_modules/kd-tree-javascript": {
            "version": "1.0.3",
            "resolved": "https://registry.npmjs.org/kd-tree-javascript/-/kd-tree-javascript-1.0.3.tgz",
            "integrity": "sha512-7oSugmaxTCJFqey11rlTSEQD3hGDnRgROMj9MEREvDGV8SlIFwN7x3jJRyFoi+mjO0+4wuSuaDLS1reNQHP7uA=="
        }
    },
    "dependencies": {
        "ape-ecs": {
            "version": "1.3.1",
            "resolved": "https://registry.npmjs.org/ape-ecs/-/ape-ecs-1.3.1.tgz",
            "integrity": "sha512-6QvLDdxjpjtc0mCnpdNeCUlNAGO0B0VJzTaqnRNwc6rDjDDSthyTMUCywvb6WHEcdxkue77xtl+2H38FBL2RJA=="
        },
        "kd-tree-javascript": {
            "version": "1.0.3",
            "resolved": "https://registry.npmjs.org/kd-tree-javascript/-/kd-tree-javascript-1.0.3.tgz",
            "integrity": "sha512-7oSugmaxTCJFqey11rlTSEQD3hGDnRgROMj9MEREvDGV8SlIFwN7x3jJRyFoi+mjO0+4wuSuaDLS1reNQHP7uA=="
        }
    }
}
